
Microsoft Visual Studio Solution File, Format Version 12.00
# Visual Studio Version 16
VisualStudioVersion = 16.0.29613.14
MinimumVisualStudioVersion = 10.0.40219.1
Project("{FAE04EC0-301F-11D3-BF4B-00C04F79EFBC}") = "周易", "周易\周易.csproj", "{C13413B3-D9ED-44A8-BEAB-4749BA72F068}"
EndProject
Project("{FAE04EC0-301F-11D3-BF4B-00C04F79EFBC}") = "Test", "Test\Test.csproj", "{BD0D8492-042E-4C48-9621-9EF3DEB93E46}"
EndProject
Global
	GlobalSection(SolutionConfigurationPlatforms) = preSolution
		Debug|Any CPU = Debug|Any CPU
		Release|Any CPU = Release|Any CPU
	EndGlobalSection
	GlobalSection(ProjectConfigurationPlatforms) = postSolution
		{C13413B3-D9ED-44A8-BEAB-4749BA72F068}.Debug|Any CPU.ActiveCfg = Debug|Any CPU
		{C13413B3-D9ED-44A8-BEAB-4749BA72F068}.Debug|Any CPU.Build.0 = Debug|Any CPU
		{C13413B3-D9ED-44A8-BEAB-4749BA72F068}.Release|Any CPU.ActiveCfg = Release|Any CPU
		{C13413B3-D9ED-44A8-BEAB-4749BA72F068}.Release|Any CPU.Build.0 = Release|Any CPU
		{BD0D8492-042E-4C48-9621-9EF3DEB93E46}.Debug|Any CPU.ActiveCfg = Debug|Any CPU
		{BD0D8492-042E-4C48-9621-9EF3DEB93E46}.Debug|Any CPU.Build.0 = Debug|Any CPU
		{BD0D8492-042E-4C48-9621-9EF3DEB93E46}.Release|Any CPU.ActiveCfg = Release|Any CPU
		{BD0D8492-042E-4C48-9621-9EF3DEB93E46}.Release|Any CPU.Build.0 = Release|Any CPU
	EndGlobalSection
	GlobalSection(SolutionProperties) = preSolution
		HideSolutionNode = FALSE
	EndGlobalSection
	GlobalSection(ExtensibilityGlobals) = postSolution
		SolutionGuid = {8379C72C-C6CC-4CF1-AB6E-431037C206F5}
	EndGlobalSection
EndGlobal
